// !$*UTF8*$!
{
	archiveVersion = 1;
	classes = {
	};
	objectVersion = 46;
	objects = {

/* Begin PBXBuildFile section */
		811E52741ABCA31200825ABF /* Detail.m in Sources */ = {isa = PBXBuildFile; fileRef = 811E52731ABCA31200825ABF /* Detail.m */; };
		81B5EA7F1ABB63AA00CF0254 /* main.m in Sources */ = {isa = PBXBuildFile; fileRef = 81B5EA7E1ABB63AA00CF0254 /* main.m */; };
		81B5EA821ABB63AA00CF0254 /* AppDelegate.m in Sources */ = {isa = PBXBuildFile; fileRef = 81B5EA811ABB63AA00CF0254 /* AppDelegate.m */; };
		81B5EA851ABB63AA00CF0254 /* ViewController.m in Sources */ = {isa = PBXBuildFile; fileRef = 81B5EA841ABB63AA00CF0254 /* ViewController.m */; };
		81B5EA881ABB63AA00CF0254 /* Main.storyboard in Resources */ = {isa = PBXBuildFile; fileRef = 81B5EA861ABB63AA00CF0254 /* Main.storyboard */; };
		81B5EA8A1ABB63AA00CF0254 /* Images.xcassets in Resources */ = {isa = PBXBuildFile; fileRef = 81B5EA891ABB63AA00CF0254 /* Images.xcassets */; };
		81B5EA8D1ABB63AA00CF0254 /* LaunchScreen.xib in Resources */ = {isa = PBXBuildFile; fileRef = 81B5EA8B1ABB63AA00CF0254 /* LaunchScreen.xib */; };
		81B5EA991ABB63AA00CF0254 /* iDribbleTests.m in Sources */ = {isa = PBXBuildFile; fileRef = 81B5EA981ABB63AA00CF0254 /* iDribbleTests.m */; };
		81D047601ABBB9AA0033C4ED /* Download.m in Sources */ = {isa = PBXBuildFile; fileRef = 81D0475F1ABBB9AA0033C4ED /* Download.m */; };
		81D047631ABBBCC20033C4ED /* Shot.m in Sources */ = {isa = PBXBuildFile; fileRef = 81D047621ABBBCC20033C4ED /* Shot.m */; };
		81E89D411ABC5BD300A1963C /* ShotTableViewCell.m in Sources */ = {isa = PBXBuildFile; fileRef = 81E89D401ABC5BD300A1963C /* ShotTableViewCell.m */; };
		81E89D441ABC63F200A1963C /* Utils.m in Sources */ = {isa = PBXBuildFile; fileRef = 81E89D431ABC63F200A1963C /* Utils.m */; };
		81E89D471ABC7D3D00A1963C /* DetalheViewController.m in Sources */ = {isa = PBXBuildFile; fileRef = 81E89D461ABC7D3D00A1963C /* DetalheViewController.m */; };
		CB8187CA1968ABA6316F898F /* libPods.a in Frameworks */ = {isa = PBXBuildFile; fileRef = 249A39A5711EEFAE7DF37C8E /* libPods.a */; };
/* End PBXBuildFile section */

/* Begin PBXContainerItemProxy section */
		81B5EA931ABB63AA00CF0254 /* PBXContainerItemProxy */ = {
			isa = PBXContainerItemProxy;
			containerPortal = 81B5EA711ABB63AA00CF0254 /* Project object */;
			proxyType = 1;
			remoteGlobalIDString = 81B5EA781ABB63AA00CF0254;
			remoteInfo = iDribble;
		};
/* End PBXContainerItemProxy section */

/* Begin PBXFileReference section */
		1595AC47C78BCAA574C1A3CB /* Pods.release.xcconfig */ = {isa = PBXFileReference; includeInIndex = 1; lastKnownFileType = text.xcconfig; name = Pods.release.xcconfig; path = "Pods/Target Support Files/Pods/Pods.release.xcconfig"; sourceTree = "<group>"; };
		249A39A5711EEFAE7DF37C8E /* libPods.a */ = {isa = PBXFileReference; explicitFileType = archive.ar; includeInIndex = 0; path = libPods.a; sourceTree = BUILT_PRODUCTS_DIR; };
		811E52721ABCA31200825ABF /* Detail.h */ = {isa = PBXFileReference; fileEncoding = 4; lastKnownFileType = sourcecode.c.h; path = Detail.h; sourceTree = "<group>"; };
		811E52731ABCA31200825ABF /* Detail.m */ = {isa = PBXFileReference; fileEncoding = 4; lastKnownFileType = sourcecode.c.objc; path = Detail.m; sourceTree = "<group>"; };
		81A619241ABDF3760062E00D /* Define.h */ = {isa = PBXFileReference; lastKnownFileType = sourcecode.c.h; path = Define.h; sourceTree = "<group>"; };
		81B5EA791ABB63AA00CF0254 /* iDribble.app */ = {isa = PBXFileReference; explicitFileType = wrapper.application; includeInIndex = 0; path = iDribble.app; sourceTree = BUILT_PRODUCTS_DIR; };
		81B5EA7D1ABB63AA00CF0254 /* Info.plist */ = {isa = PBXFileReference; lastKnownFileType = text.plist.xml; path = Info.plist; sourceTree = "<group>"; };
		81B5EA7E1ABB63AA00CF0254 /* main.m */ = {isa = PBXFileReference; lastKnownFileType = sourcecode.c.objc; path = main.m; sourceTree = "<group>"; };
		81B5EA801ABB63AA00CF0254 /* AppDelegate.h */ = {isa = PBXFileReference; lastKnownFileType = sourcecode.c.h; path = AppDelegate.h; sourceTree = "<group>"; };
		81B5EA811ABB63AA00CF0254 /* AppDelegate.m */ = {isa = PBXFileReference; lastKnownFileType = sourcecode.c.objc; path = AppDelegate.m; sourceTree = "<group>"; };
		81B5EA831ABB63AA00CF0254 /* ViewController.h */ = {isa = PBXFileReference; lastKnownFileType = sourcecode.c.h; path = ViewController.h; sourceTree = "<group>"; };
		81B5EA841ABB63AA00CF0254 /* ViewController.m */ = {isa = PBXFileReference; lastKnownFileType = sourcecode.c.objc; path = ViewController.m; sourceTree = "<group>"; };
		81B5EA871ABB63AA00CF0254 /* Base */ = {isa = PBXFileReference; lastKnownFileType = file.storyboard; name = Base; path = Base.lproj/Main.storyboard; sourceTree = "<group>"; };
		81B5EA891ABB63AA00CF0254 /* Images.xcassets */ = {isa = PBXFileReference; lastKnownFileType = folder.assetcatalog; path = Images.xcassets; sourceTree = "<group>"; };
		81B5EA8C1ABB63AA00CF0254 /* Base */ = {isa = PBXFileReference; lastKnownFileType = file.xib; name = Base; path = Base.lproj/LaunchScreen.xib; sourceTree = "<group>"; };
		81B5EA921ABB63AA00CF0254 /* iDribbleTests.xctest */ = {isa = PBXFileReference; explicitFileType = wrapper.cfbundle; includeInIndex = 0; path = iDribbleTests.xctest; sourceTree = BUILT_PRODUCTS_DIR; };
		81B5EA971ABB63AA00CF0254 /* Info.plist */ = {isa = PBXFileReference; lastKnownFileType = text.plist.xml; path = Info.plist; sourceTree = "<group>"; };
		81B5EA981ABB63AA00CF0254 /* iDribbleTests.m */ = {isa = PBXFileReference; lastKnownFileType = sourcecode.c.objc; path = iDribbleTests.m; sourceTree = "<group>"; };
		81D0475E1ABBB9AA0033C4ED /* Download.h */ = {isa = PBXFileReference; fileEncoding = 4; lastKnownFileType = sourcecode.c.h; path = Download.h; sourceTree = "<group>"; };
		81D0475F1ABBB9AA0033C4ED /* Download.m */ = {isa = PBXFileReference; fileEncoding = 4; lastKnownFileType = sourcecode.c.objc; path = Download.m; sourceTree = "<group>"; };
		81D047611ABBBCC20033C4ED /* Shot.h */ = {isa = PBXFileReference; fileEncoding = 4; lastKnownFileType = sourcecode.c.h; path = Shot.h; sourceTree = "<group>"; };
		81D047621ABBBCC20033C4ED /* Shot.m */ = {isa = PBXFileReference; fileEncoding = 4; lastKnownFileType = sourcecode.c.objc; path = Shot.m; sourceTree = "<group>"; };
		81E89D3F1ABC5BD300A1963C /* ShotTableViewCell.h */ = {isa = PBXFileReference; fileEncoding = 4; lastKnownFileType = sourcecode.c.h; path = ShotTableViewCell.h; sourceTree = "<group>"; };
		81E89D401ABC5BD300A1963C /* ShotTableViewCell.m */ = {isa = PBXFileReference; fileEncoding = 4; lastKnownFileType = sourcecode.c.objc; path = ShotTableViewCell.m; sourceTree = "<group>"; };
		81E89D421ABC63F200A1963C /* Utils.h */ = {isa = PBXFileReference; fileEncoding = 4; lastKnownFileType = sourcecode.c.h; path = Utils.h; sourceTree = "<group>"; };
		81E89D431ABC63F200A1963C /* Utils.m */ = {isa = PBXFileReference; fileEncoding = 4; lastKnownFileType = sourcecode.c.objc; path = Utils.m; sourceTree = "<group>"; };
		81E89D451ABC7D3D00A1963C /* DetalheViewController.h */ = {isa = PBXFileReference; fileEncoding = 4; lastKnownFileType = sourcecode.c.h; path = DetalheViewController.h; sourceTree = "<group>"; };
		81E89D461ABC7D3D00A1963C /* DetalheViewController.m */ = {isa = PBXFileReference; fileEncoding = 4; lastKnownFileType = sourcecode.c.objc; path = DetalheViewController.m; sourceTree = "<group>"; };
		B1A959B9E5D9312ED478C052 /* Pods.debug.xcconfig */ = {isa = PBXFileReference; includeInIndex = 1; lastKnownFileType = text.xcconfig; name = Pods.debug.xcconfig; path = "Pods/Target Support Files/Pods/Pods.debug.xcconfig"; sourceTree = "<group>"; };
/* End PBXFileReference section */

/* Begin PBXFrameworksBuildPhase section */
		81B5EA761ABB63AA00CF0254 /* Frameworks */ = {
			isa = PBXFrameworksBuildPhase;
			buildActionMask = 2147483647;
			files = (
				CB8187CA1968ABA6316F898F /* libPods.a in Frameworks */,
			);
			runOnlyForDeploymentPostprocessing = 0;
		};
		81B5EA8F1ABB63AA00CF0254 /* Frameworks */ = {
			isa = PBXFrameworksBuildPhase;
			buildActionMask = 2147483647;
			files = (
			);
			runOnlyForDeploymentPostprocessing = 0;
		};
/* End PBXFrameworksBuildPhase section */

/* Begin PBXGroup section */
		6234CF1BAC66C4E930E6AE80 /* Pods */ = {
			isa = PBXGroup;
			children = (
				B1A959B9E5D9312ED478C052 /* Pods.debug.xcconfig */,
				1595AC47C78BCAA574C1A3CB /* Pods.release.xcconfig */,
			);
			name = Pods;
			sourceTree = "<group>";
		};
		7D9A8D0817F4039E13E32CB5 /* Frameworks */ = {
			isa = PBXGroup;
			children = (
				249A39A5711EEFAE7DF37C8E /* libPods.a */,
			);
			name = Frameworks;
			sourceTree = "<group>";
		};
		81B5EA701ABB63AA00CF0254 = {
			isa = PBXGroup;
			children = (
				81B5EA7B1ABB63AA00CF0254 /* iDribble */,
				81B5EA951ABB63AA00CF0254 /* iDribbleTests */,
				81B5EA7A1ABB63AA00CF0254 /* Products */,
				6234CF1BAC66C4E930E6AE80 /* Pods */,
				7D9A8D0817F4039E13E32CB5 /* Frameworks */,
			);
			sourceTree = "<group>";
		};
		81B5EA7A1ABB63AA00CF0254 /* Products */ = {
			isa = PBXGroup;
			children = (
				81B5EA791ABB63AA00CF0254 /* iDribble.app */,
				81B5EA921ABB63AA00CF0254 /* iDribbleTests.xctest */,
			);
			name = Products;
			sourceTree = "<group>";
		};
		81B5EA7B1ABB63AA00CF0254 /* iDribble */ = {
			isa = PBXGroup;
			children = (
				81D0475A1ABBB8060033C4ED /* Objects */,
				81D047591ABBB7FB0033C4ED /* Helpers */,
				81B5EA801ABB63AA00CF0254 /* AppDelegate.h */,
				81B5EA811ABB63AA00CF0254 /* AppDelegate.m */,
				81B5EA831ABB63AA00CF0254 /* ViewController.h */,
				81B5EA841ABB63AA00CF0254 /* ViewController.m */,
				81E89D451ABC7D3D00A1963C /* DetalheViewController.h */,
				81E89D461ABC7D3D00A1963C /* DetalheViewController.m */,
				81B5EA861ABB63AA00CF0254 /* Main.storyboard */,
				81B5EA891ABB63AA00CF0254 /* Images.xcassets */,
				81B5EA8B1ABB63AA00CF0254 /* LaunchScreen.xib */,
				81B5EA7C1ABB63AA00CF0254 /* Supporting Files */,
			);
			path = iDribble;
			sourceTree = "<group>";
		};
		81B5EA7C1ABB63AA00CF0254 /* Supporting Files */ = {
			isa = PBXGroup;
			children = (
				81B5EA7D1ABB63AA00CF0254 /* Info.plist */,
				81B5EA7E1ABB63AA00CF0254 /* main.m */,
			);
			name = "Supporting Files";
			sourceTree = "<group>";
		};
		81B5EA951ABB63AA00CF0254 /* iDribbleTests */ = {
			isa = PBXGroup;
			children = (
				81B5EA981ABB63AA00CF0254 /* iDribbleTests.m */,
				81B5EA961ABB63AA00CF0254 /* Supporting Files */,
			);
			path = iDribbleTests;
			sourceTree = "<group>";
		};
		81B5EA961ABB63AA00CF0254 /* Supporting Files */ = {
			isa = PBXGroup;
			children = (
				81B5EA971ABB63AA00CF0254 /* Info.plist */,
			);
			name = "Supporting Files";
			sourceTree = "<group>";
		};
		81D047591ABBB7FB0033C4ED /* Helpers */ = {
			isa = PBXGroup;
			children = (
				81D0475E1ABBB9AA0033C4ED /* Download.h */,
				81D0475F1ABBB9AA0033C4ED /* Download.m */,
				81E89D421ABC63F200A1963C /* Utils.h */,
				81E89D431ABC63F200A1963C /* Utils.m */,
				81A619241ABDF3760062E00D /* Define.h */,
			);
			name = Helpers;
			sourceTree = "<group>";
		};
		81D0475A1ABBB8060033C4ED /* Objects */ = {
			isa = PBXGroup;
			children = (
				81D047611ABBBCC20033C4ED /* Shot.h */,
				81D047621ABBBCC20033C4ED /* Shot.m */,
				81E89D3F1ABC5BD300A1963C /* ShotTableViewCell.h */,
				81E89D401ABC5BD300A1963C /* ShotTableViewCell.m */,
				811E52721ABCA31200825ABF /* Detail.h */,
				811E52731ABCA31200825ABF /* Detail.m */,
			);
			name = Objects;
			sourceTree = "<group>";
		};
/* End PBXGroup section */

/* Begin PBXNativeTarget section */
		81B5EA781ABB63AA00CF0254 /* iDribble */ = {
			isa = PBXNativeTarget;
			buildConfigurationList = 81B5EA9C1ABB63AA00CF0254 /* Build configuration list for PBXNativeTarget "iDribble" */;
			buildPhases = (
				287FD054E467776E726CACD7 /* Check Pods Manifest.lock */,
				81B5EA751ABB63AA00CF0254 /* Sources */,
				81B5EA761ABB63AA00CF0254 /* Frameworks */,
				81B5EA771ABB63AA00CF0254 /* Resources */,
				7E8B005DD06D2B44FA477B87 /* Copy Pods Resources */,
			);
			buildRules = (
			);
			dependencies = (
			);
			name = iDribble;
			productName = iDribble;
			productReference = 81B5EA791ABB63AA00CF0254 /* iDribble.app */;
			productType = "com.apple.product-type.application";
		};
		81B5EA911ABB63AA00CF0254 /* iDribbleTests */ = {
			isa = PBXNativeTarget;
			buildConfigurationList = 81B5EA9F1ABB63AA00CF0254 /* Build configuration list for PBXNativeTarget "iDribbleTests" */;
			buildPhases = (
				81B5EA8E1ABB63AA00CF0254 /* Sources */,
				81B5EA8F1ABB63AA00CF0254 /* Frameworks */,
				81B5EA901ABB63AA00CF0254 /* Resources */,
			);
			buildRules = (
			);
			dependencies = (
				81B5EA941ABB63AA00CF0254 /* PBXTargetDependency */,
			);
			name = iDribbleTests;
			productName = iDribbleTests;
			productReference = 81B5EA921ABB63AA00CF0254 /* iDribbleTests.xctest */;
			productType = "com.apple.product-type.bundle.unit-test";
		};
/* End PBXNativeTarget section */

/* Begin PBXProject section */
		81B5EA711ABB63AA00CF0254 /* Project object */ = {
			isa = PBXProject;
			attributes = {
				LastUpgradeCheck = 0610;
				ORGANIZATIONNAME = Vinicius;
				TargetAttributes = {
					81B5EA781ABB63AA00CF0254 = {
						CreatedOnToolsVersion = 6.1.1;
					};
					81B5EA911ABB63AA00CF0254 = {
						CreatedOnToolsVersion = 6.1.1;
						TestTargetID = 81B5EA781ABB63AA00CF0254;
					};
				};
			};
			buildConfigurationList = 81B5EA741ABB63AA00CF0254 /* Build configuration list for PBXProject "iDribble" */;
			compatibilityVersion = "Xcode 3.2";
			developmentRegion = English;
			hasScannedForEncodings = 0;
			knownRegions = (
				en,
				Base,
			);
			mainGroup = 81B5EA701ABB63AA00CF0254;
			productRefGroup = 81B5EA7A1ABB63AA00CF0254 /* Products */;
			projectDirPath = "";
			projectRoot = "";
			targets = (
				81B5EA781ABB63AA00CF0254 /* iDribble */,
				81B5EA911ABB63AA00CF0254 /* iDribbleTests */,
			);
		};
/* End PBXProject section */

/* Begin PBXResourcesBuildPhase section */
		81B5EA771ABB63AA00CF0254 /* Resources */ = {
			isa = PBXResourcesBuildPhase;
			buildActionMask = 2147483647;
			files = (
				81B5EA881ABB63AA00CF0254 /* Main.storyboard in Resources */,
				81B5EA8D1ABB63AA00CF0254 /* LaunchScreen.xib in Resources */,
				81B5EA8A1ABB63AA00CF0254 /* Images.xcassets in Resources */,
			);
			runOnlyForDeploymentPostprocessing = 0;
		};
		81B5EA901ABB63AA00CF0254 /* Resources */ = {
			isa = PBXResourcesBuildPhase;
			buildActionMask = 2147483647;
			files = (
			);
			runOnlyForDeploymentPostprocessing = 0;
		};
/* End PBXResourcesBuildPhase section */

/* Begin PBXShellScriptBuildPhase section */
		287FD054E467776E726CACD7 /* Check Pods Manifest.lock */ = {
			isa = PBXShellScriptBuildPhase;
			buildActionMask = 2147483647;
			files = (
			);
			inputPaths = (
			);
			name = "Check Pods Manifest.lock";
			outputPaths = (
			);
			runOnlyForDeploymentPostprocessing = 0;
			shellPath = /bin/sh;
			shellScript = "diff \"${PODS_ROOT}/../Podfile.lock\" \"${PODS_ROOT}/Manifest.lock\" > /dev/null\nif [[ $? != 0 ]] ; then\n    cat << EOM\nerror: The sandbox is not in sync with the Podfile.lock. Run 'pod install' or update your CocoaPods installation.\nEOM\n    exit 1\nfi\n";
			showEnvVarsInLog = 0;
		};
		7E8B005DD06D2B44FA477B87 /* Copy Pods Resources */ = {
			isa = PBXShellScriptBuildPhase;
			buildActionMask = 2147483647;
			files = (
			);
			inputPaths = (
			);
			name = "Copy Pods Resources";
			outputPaths = (
			);
			runOnlyForDeploymentPostprocessing = 0;
			shellPath = /bin/sh;
			shellScript = "\"${SRCROOT}/Pods/Target Support Files/Pods/Pods-resources.sh\"\n";
			showEnvVarsInLog = 0;
		};
/* End PBXShellScriptBuildPhase section */

/* Begin PBXSourcesBuildPhase section */
		81B5EA751ABB63AA00CF0254 /* Sources */ = {
			isa = PBXSourcesBuildPhase;
			buildActionMask = 2147483647;
			files = (
				81E89D471ABC7D3D00A1963C /* DetalheViewController.m in Sources */,
				81D047631ABBBCC20033C4ED /* Shot.m in Sources */,
				811E52741ABCA31200825ABF /* Detail.m in Sources */,
				81B5EA851ABB63AA00CF0254 /* ViewController.m in Sources */,
				81D047601ABBB9AA0033C4ED /* Download.m in Sources */,
				81B5EA821ABB63AA00CF0254 /* AppDelegate.m in Sources */,
				81B5EA7F1ABB63AA00CF0254 /* main.m in Sources */,
				81E89D441ABC63F200A1963C /* Utils.m in Sources */,
				81E89D411ABC5BD300A1963C /* ShotTableViewCell.m in Sources */,
			);
			runOnlyForDeploymentPostprocessing = 0;
		};
		81B5EA8E1ABB63AA00CF0254 /* Sources */ = {
			isa = PBXSourcesBuildPhase;
			buildActionMask = 2147483647;
			files = (
				81B5EA991ABB63AA00CF0254 /* iDribbleTests.m in Sources */,
			);
			runOnlyForDeploymentPostprocessing = 0;
		};
/* End PBXSourcesBuildPhase section */

/* Begin PBXTargetDependency section */
		81B5EA941ABB63AA00CF0254 /* PBXTargetDependency */ = {
			isa = PBXTargetDependency;
			target = 81B5EA781ABB63AA00CF0254 /* iDribble */;
			targetProxy = 81B5EA931ABB63AA00CF0254 /* PBXContainerItemProxy */;
		};
/* End PBXTargetDependency section */

/* Begin PBXVariantGroup section */
		81B5EA861ABB63AA00CF0254 /* Main.storyboard */ = {
			isa = PBXVariantGroup;
			children = (
				81B5EA871ABB63AA00CF0254 /* Base */,
			);
			name = Main.storyboard;
			sourceTree = "<group>";
		};
		81B5EA8B1ABB63AA00CF0254 /* LaunchScreen.xib */ = {
			isa = PBXVariantGroup;
			children = (
				81B5EA8C1ABB63AA00CF0254 /* Base */,
			);
			name = LaunchScreen.xib;
			sourceTree = "<group>";
		};
/* End PBXVariantGroup section */

/* Begin XCBuildConfiguration section */
		81B5EA9A1ABB63AA00CF0254 /* Debug */ = {
			isa = XCBuildConfiguration;
			buildSettings = {
				ALWAYS_SEARCH_USER_PATHS = NO;
				CLANG_CXX_LANGUAGE_STANDARD = "gnu++0x";
				CLANG_CXX_LIBRARY = "libc++";
				CLANG_ENABLE_MODULES = YES;
				CLANG_ENABLE_OBJC_ARC = YES;
				CLANG_WARN_BOOL_CONVERSION = YES;
				CLANG_WARN_CONSTANT_CONVERSION = YES;
				CLANG_WARN_DIRECT_OBJC_ISA_USAGE = YES_ERROR;
				CLANG_WARN_EMPTY_BODY = YES;
				CLANG_WARN_ENUM_CONVERSION = YES;
				CLANG_WARN_INT_CONVERSION = YES;
				CLANG_WARN_OBJC_ROOT_CLASS = YES_ERROR;
				CLANG_WARN_UNREACHABLE_CODE = YES;
				CLANG_WARN__DUPLICATE_METHOD_MATCH = YES;
				"CODE_SIGN_IDENTITY[sdk=iphoneos*]" = "iPhone Developer";
				COPY_PHASE_STRIP = NO;
				ENABLE_STRICT_OBJC_MSGSEND = YES;
				GCC_C_LANGUAGE_STANDARD = gnu99;
				GCC_DYNAMIC_NO_PIC = NO;
				GCC_OPTIMIZATION_LEVEL = 0;
				GCC_PREPROCESSOR_DEFINITIONS = (
					"DEBUG=1",
					"$(inherited)",
				);
				GCC_SYMBOLS_PRIVATE_EXTERN = NO;
				GCC_WARN_64_TO_32_BIT_CONVERSION = YES;
				GCC_WARN_ABOUT_RETURN_TYPE = YES_ERROR;
				GCC_WARN_UNDECLARED_SELECTOR = YES;
				GCC_WARN_UNINITIALIZED_AUTOS = YES_AGGRESSIVE;
				GCC_WARN_UNUSED_FUNCTION = YES;
				GCC_WARN_UNUSED_VARIABLE = YES;
				IPHONEOS_DEPLOYMENT_TARGET = 8.1;
				MTL_ENABLE_DEBUG_INFO = YES;
				ONLY_ACTIVE_ARCH = YES;
				SDKROOT = iphoneos;
				TARGETED_DEVICE_FAMILY = "1,2";
			};
			name = Debug;
		};
		81B5EA9B1ABB63AA00CF0254 /* Release */ = {
			isa = XCBuildConfiguration;
			buildSettings = {
				ALWAYS_SEARCH_USER_PATHS = NO;
				CLANG_CXX_LANGUAGE_STANDARD = "gnu++0x";
				CLANG_CXX_LIBRARY = "libc++";
				CLANG_ENABLE_MODULES = YES;
				CLANG_ENABLE_OBJC_ARC = YES;
				CLANG_WARN_BOOL_CONVERSION = YES;
				CLANG_WARN_CONSTANT_CONVERSION = YES;
				CLANG_WARN_DIRECT_OBJC_ISA_USAGE = YES_ERROR;
				CLANG_WARN_EMPTY_BODY = YES;
				CLANG_WARN_ENUM_CONVERSION = YES;
				CLANG_WARN_INT_CONVERSION = YES;
				CLANG_WARN_OBJC_ROOT_CLASS = YES_ERROR;
				CLANG_WARN_UNREACHABLE_CODE = YES;
				CLANG_WARN__DUPLICATE_METHOD_MATCH = YES;
				"CODE_SIGN_IDENTITY[sdk=iphoneos*]" = "iPhone Developer";
				COPY_PHASE_STRIP = YES;
				ENABLE_NS_ASSERTIONS = NO;
				ENABLE_STRICT_OBJC_MSGSEND = YES;
				GCC_C_LANGUAGE_STANDARD = gnu99;
				GCC_WARN_64_TO_32_BIT_CONVERSION = YES;
				GCC_WARN_ABOUT_RETURN_TYPE = YES_ERROR;
				GCC_WARN_UNDECLARED_SELECTOR = YES;
				GCC_WARN_UNINITIALIZED_AUTOS = YES_AGGRESSIVE;
				GCC_WARN_UNUSED_FUNCTION = YES;
				GCC_WARN_UNUSED_VARIABLE = YES;
				IPHONEOS_DEPLOYMENT_TARGET = 8.1;
				MTL_ENABLE_DEBUG_INFO = NO;
				SDKROOT = iphoneos;
				TARGETED_DEVICE_FAMILY = "1,2";
				VALIDATE_PRODUCT = YES;
			};
			name = Release;
		};
		81B5EA9D1ABB63AA00CF0254 /* Debug */ = {
			isa = XCBuildConfiguration;
			baseConfigurationReference = B1A959B9E5D9312ED478C052 /* Pods.debug.xcconfig */;
			buildSettings = {
				ASSETCATALOG_COMPILER_APPICON_NAME = AppIcon;
				INFOPLIST_FILE = iDribble/Info.plist;
				IPHONEOS_DEPLOYMENT_TARGET = 8.0;
				LD_RUNPATH_SEARCH_PATHS = "$(inherited) @executable_path/Frameworks";
				PRODUCT_NAME = "$(TARGET_NAME)";
			};
			name = Debug;
		};
		81B5EA9E1ABB63AA00CF0254 /* Release */ = {
			isa = XCBuildConfiguration;
			baseConfigurationReference = 1595AC47C78BCAA574C1A3CB /* Pods.release.xcconfig */;
			buildSettings = {
				ASSETCATALOG_COMPILER_APPICON_NAME = AppIcon;
				INFOPLIST_FILE = iDribble/Info.plist;
				IPHONEOS_DEPLOYMENT_TARGET = 8.0;
				LD_RUNPATH_SEARCH_PATHS = "$(inherited) @executable_path/Frameworks";
				PRODUCT_NAME = "$(TARGET_NAME)";
			};
			name = Release;
		};
		81B5EAA01ABB63AA00CF0254 /* Debug */ = {
			isa = XCBuildConfiguration;
			buildSettings = {
				BUNDLE_LOADER = "$(TEST_HOST)";
				FRAMEWORK_SEARCH_PATHS = (
					"$(SDKROOT)/Developer/Library/Frameworks",
					"$(inherited)",
				);
				GCC_PREPROCESSOR_DEFINITIONS = (
					"DEBUG=1",
					"$(inherited)",
				);
				INFOPLIST_FILE = iDribbleTests/Info.plist;
				LD_RUNPATH_SEARCH_PATHS = "$(inherited) @executable_path/Frameworks @loader_path/Frameworks";
				PRODUCT_NAME = "$(TARGET_NAME)";
				TEST_HOST = "$(BUILT_PRODUCTS_DIR)/iDribble.app/iDribble";
			};
			name = Debug;
		};
		81B5EAA11ABB63AA00CF0254 /* Release */ = {
			isa = XCBuildConfiguration;
			buildSettings = {
				BUNDLE_LOADER = "$(TEST_HOST)";
				FRAMEWORK_SEARCH_PATHS = (
					"$(SDKROOT)/Developer/Library/Frameworks",
					"$(inherited)",
				);
				INFOPLIST_FILE = iDribbleTests/Info.plist;
				LD_RUNPATH_SEARCH_PATHS = "$(inherited) @executable_path/Frameworks @loader_path/Frameworks";
				PRODUCT_NAME = "$(TARGET_NAME)";
				TEST_HOST = "$(BUILT_PRODUCTS_DIR)/iDribble.app/iDribble";
			};
			name = Release;
		};
/* End XCBuildConfiguration section */

/* Begin XCConfigurationList section */
		81B5EA741ABB63AA00CF0254 /* Build configuration list for PBXProject "iDribble" */ = {
			isa = XCConfigurationList;
			buildConfigurations = (
				81B5EA9A1ABB63AA00CF0254 /* Debug */,
				81B5EA9B1ABB63AA00CF0254 /* Release */,
			);
			defaultConfigurationIsVisible = 0;
			defaultConfigurationName = Release;
		};
		81B5EA9C1ABB63AA00CF0254 /* Build configuration list for PBXNativeTarget "iDribble" */ = {
			isa = XCConfigurationList;
			buildConfigurations = (
				81B5EA9D1ABB63AA00CF0254 /* Debug */,
				81B5EA9E1ABB63AA00CF0254 /* Release */,
			);
			defaultConfigurationIsVisible = 0;
			defaultConfigurationName = Release;
		};
		81B5EA9F1ABB63AA00CF0254 /* Build configuration list for PBXNativeTarget "iDribbleTests" */ = {
			isa = XCConfigurationList;
			buildConfigurations = (
				81B5EAA01ABB63AA00CF0254 /* Debug */,
				81B5EAA11ABB63AA00CF0254 /* Release */,
			);
			defaultConfigurationIsVisible = 0;
			defaultConfigurationName = Release;
		};
/* End XCConfigurationList section */
	};
	rootObject = 81B5EA711ABB63AA00CF0254 /* Project object */;
}
